
Microsoft Visual Studio Solution File, Format Version 12.00
# Visual Studio Version 17
VisualStudioVersion = 17.0.31903.59
MinimumVisualStudioVersion = 10.0.40219.1
Project("{FAE04EC0-301F-11D3-BF4B-00C04F79EFBC}") = "naivedb.cli", "naivedb.cli\naivedb.cli.csproj", "{84CF512C-512F-496D-A1F9-DB6200B3C72F}"
EndProject
Project("{2150E333-8FDC-42A3-9474-1A3956D46DE8}") = "src", "src", "{E4994D14-46AB-4BB8-8CE9-194251BC06E2}"
EndProject
Project("{FAE04EC0-301F-11D3-BF4B-00C04F79EFBC}") = "naivedb.core", "src\naivedb.core\naivedb.core.csproj", "{C71B25E3-3BFB-4DCB-8538-F65E36E589E9}"
EndProject
Project("{FAE04EC0-301F-11D3-BF4B-00C04F79EFBC}") = "naivedb.server", "src\naivedb.server\naivedb.server.csproj", "{822B9D01-C674-4B41-8680-1BEC761EBF28}"
EndProject
Project("{FAE04EC0-301F-11D3-BF4B-00C04F79EFBC}") = "naivedb.tools", "src\naivedb.tools\naivedb.tools.csproj", "{86CAE44C-1C88-4E13-B198-974CDF8FA9B2}"
EndProject
Project("{FAE04EC0-301F-11D3-BF4B-00C04F79EFBC}") = "naivedb.tests", "src\naivedb.tests\naivedb.tests.csproj", "{A1993650-7ED8-47F0-97D6-8E0E526EBB89}"
EndProject
Project("{2150E333-8FDC-42A3-9474-1A3956D46DE8}") = "Solution Items", "Solution Items", "{8EC462FD-D22E-90A8-E5CE-7E832BA40C5D}"
	ProjectSection(SolutionItems) = preProject
		.editorconfig = .editorconfig
		README.md = README.md
		.gitignore = .gitignore
	EndProjectSection
EndProject
Global
	GlobalSection(SolutionConfigurationPlatforms) = preSolution
		Debug|Any CPU = Debug|Any CPU
		Debug|x64 = Debug|x64
		Debug|x86 = Debug|x86
		Release|Any CPU = Release|Any CPU
		Release|x64 = Release|x64
		Release|x86 = Release|x86
	EndGlobalSection
	GlobalSection(ProjectConfigurationPlatforms) = postSolution
		{84CF512C-512F-496D-A1F9-DB6200B3C72F}.Debug|Any CPU.ActiveCfg = Debug|Any CPU
		{84CF512C-512F-496D-A1F9-DB6200B3C72F}.Debug|Any CPU.Build.0 = Debug|Any CPU
		{84CF512C-512F-496D-A1F9-DB6200B3C72F}.Debug|x64.ActiveCfg = Debug|Any CPU
		{84CF512C-512F-496D-A1F9-DB6200B3C72F}.Debug|x64.Build.0 = Debug|Any CPU
		{84CF512C-512F-496D-A1F9-DB6200B3C72F}.Debug|x86.ActiveCfg = Debug|Any CPU
		{84CF512C-512F-496D-A1F9-DB6200B3C72F}.Debug|x86.Build.0 = Debug|Any CPU
		{84CF512C-512F-496D-A1F9-DB6200B3C72F}.Release|Any CPU.ActiveCfg = Release|Any CPU
		{84CF512C-512F-496D-A1F9-DB6200B3C72F}.Release|Any CPU.Build.0 = Release|Any CPU
		{84CF512C-512F-496D-A1F9-DB6200B3C72F}.Release|x64.ActiveCfg = Release|Any CPU
		{84CF512C-512F-496D-A1F9-DB6200B3C72F}.Release|x64.Build.0 = Release|Any CPU
		{84CF512C-512F-496D-A1F9-DB6200B3C72F}.Release|x86.ActiveCfg = Release|Any CPU
		{84CF512C-512F-496D-A1F9-DB6200B3C72F}.Release|x86.Build.0 = Release|Any CPU
		{C71B25E3-3BFB-4DCB-8538-F65E36E589E9}.Debug|Any CPU.ActiveCfg = Debug|Any CPU
		{C71B25E3-3BFB-4DCB-8538-F65E36E589E9}.Debug|Any CPU.Build.0 = Debug|Any CPU
		{C71B25E3-3BFB-4DCB-8538-F65E36E589E9}.Debug|x64.ActiveCfg = Debug|Any CPU
		{C71B25E3-3BFB-4DCB-8538-F65E36E589E9}.Debug|x64.Build.0 = Debug|Any CPU
		{C71B25E3-3BFB-4DCB-8538-F65E36E589E9}.Debug|x86.ActiveCfg = Debug|Any CPU
		{C71B25E3-3BFB-4DCB-8538-F65E36E589E9}.Debug|x86.Build.0 = Debug|Any CPU
		{C71B25E3-3BFB-4DCB-8538-F65E36E589E9}.Release|Any CPU.ActiveCfg = Release|Any CPU
		{C71B25E3-3BFB-4DCB-8538-F65E36E589E9}.Release|Any CPU.Build.0 = Release|Any CPU
		{C71B25E3-3BFB-4DCB-8538-F65E36E589E9}.Release|x64.ActiveCfg = Release|Any CPU
		{C71B25E3-3BFB-4DCB-8538-F65E36E589E9}.Release|x64.Build.0 = Release|Any CPU
		{C71B25E3-3BFB-4DCB-8538-F65E36E589E9}.Release|x86.ActiveCfg = Release|Any CPU
		{C71B25E3-3BFB-4DCB-8538-F65E36E589E9}.Release|x86.Build.0 = Release|Any CPU
		{822B9D01-C674-4B41-8680-1BEC761EBF28}.Debug|Any CPU.ActiveCfg = Debug|Any CPU
		{822B9D01-C674-4B41-8680-1BEC761EBF28}.Debug|Any CPU.Build.0 = Debug|Any CPU
		{822B9D01-C674-4B41-8680-1BEC761EBF28}.Debug|x64.ActiveCfg = Debug|Any CPU
		{822B9D01-C674-4B41-8680-1BEC761EBF28}.Debug|x64.Build.0 = Debug|Any CPU
		{822B9D01-C674-4B41-8680-1BEC761EBF28}.Debug|x86.ActiveCfg = Debug|Any CPU
		{822B9D01-C674-4B41-8680-1BEC761EBF28}.Debug|x86.Build.0 = Debug|Any CPU
		{822B9D01-C674-4B41-8680-1BEC761EBF28}.Release|Any CPU.ActiveCfg = Release|Any CPU
		{822B9D01-C674-4B41-8680-1BEC761EBF28}.Release|Any CPU.Build.0 = Release|Any CPU
		{822B9D01-C674-4B41-8680-1BEC761EBF28}.Release|x64.ActiveCfg = Release|Any CPU
		{822B9D01-C674-4B41-8680-1BEC761EBF28}.Release|x64.Build.0 = Release|Any CPU
		{822B9D01-C674-4B41-8680-1BEC761EBF28}.Release|x86.ActiveCfg = Release|Any CPU
		{822B9D01-C674-4B41-8680-1BEC761EBF28}.Release|x86.Build.0 = Release|Any CPU
		{86CAE44C-1C88-4E13-B198-974CDF8FA9B2}.Debug|Any CPU.ActiveCfg = Debug|Any CPU
		{86CAE44C-1C88-4E13-B198-974CDF8FA9B2}.Debug|Any CPU.Build.0 = Debug|Any CPU
		{86CAE44C-1C88-4E13-B198-974CDF8FA9B2}.Debug|x64.ActiveCfg = Debug|Any CPU
		{86CAE44C-1C88-4E13-B198-974CDF8FA9B2}.Debug|x64.Build.0 = Debug|Any CPU
		{86CAE44C-1C88-4E13-B198-974CDF8FA9B2}.Debug|x86.ActiveCfg = Debug|Any CPU
		{86CAE44C-1C88-4E13-B198-974CDF8FA9B2}.Debug|x86.Build.0 = Debug|Any CPU
		{86CAE44C-1C88-4E13-B198-974CDF8FA9B2}.Release|Any CPU.ActiveCfg = Release|Any CPU
		{86CAE44C-1C88-4E13-B198-974CDF8FA9B2}.Release|Any CPU.Build.0 = Release|Any CPU
		{86CAE44C-1C88-4E13-B198-974CDF8FA9B2}.Release|x64.ActiveCfg = Release|Any CPU
		{86CAE44C-1C88-4E13-B198-974CDF8FA9B2}.Release|x64.Build.0 = Release|Any CPU
		{86CAE44C-1C88-4E13-B198-974CDF8FA9B2}.Release|x86.ActiveCfg = Release|Any CPU
		{86CAE44C-1C88-4E13-B198-974CDF8FA9B2}.Release|x86.Build.0 = Release|Any CPU
		{A1993650-7ED8-47F0-97D6-8E0E526EBB89}.Debug|Any CPU.ActiveCfg = Debug|Any CPU
		{A1993650-7ED8-47F0-97D6-8E0E526EBB89}.Debug|Any CPU.Build.0 = Debug|Any CPU
		{A1993650-7ED8-47F0-97D6-8E0E526EBB89}.Debug|x64.ActiveCfg = Debug|Any CPU
		{A1993650-7ED8-47F0-97D6-8E0E526EBB89}.Debug|x64.Build.0 = Debug|Any CPU
		{A1993650-7ED8-47F0-97D6-8E0E526EBB89}.Debug|x86.ActiveCfg = Debug|Any CPU
		{A1993650-7ED8-47F0-97D6-8E0E526EBB89}.Debug|x86.Build.0 = Debug|Any CPU
		{A1993650-7ED8-47F0-97D6-8E0E526EBB89}.Release|Any CPU.ActiveCfg = Release|Any CPU
		{A1993650-7ED8-47F0-97D6-8E0E526EBB89}.Release|Any CPU.Build.0 = Release|Any CPU
		{A1993650-7ED8-47F0-97D6-8E0E526EBB89}.Release|x64.ActiveCfg = Release|Any CPU
		{A1993650-7ED8-47F0-97D6-8E0E526EBB89}.Release|x64.Build.0 = Release|Any CPU
		{A1993650-7ED8-47F0-97D6-8E0E526EBB89}.Release|x86.ActiveCfg = Release|Any CPU
		{A1993650-7ED8-47F0-97D6-8E0E526EBB89}.Release|x86.Build.0 = Release|Any CPU
	EndGlobalSection
	GlobalSection(SolutionProperties) = preSolution
		HideSolutionNode = FALSE
	EndGlobalSection
	GlobalSection(NestedProjects) = preSolution
		{C71B25E3-3BFB-4DCB-8538-F65E36E589E9} = {E4994D14-46AB-4BB8-8CE9-194251BC06E2}
		{822B9D01-C674-4B41-8680-1BEC761EBF28} = {E4994D14-46AB-4BB8-8CE9-194251BC06E2}
		{86CAE44C-1C88-4E13-B198-974CDF8FA9B2} = {E4994D14-46AB-4BB8-8CE9-194251BC06E2}
		{A1993650-7ED8-47F0-97D6-8E0E526EBB89} = {E4994D14-46AB-4BB8-8CE9-194251BC06E2}
	EndGlobalSection
	GlobalSection(ExtensibilityGlobals) = postSolution
		SolutionGuid = {61E8B4F1-6897-483E-8C75-77F1E364DB75}
	EndGlobalSection
EndGlobal
